
Microsoft Visual Studio Solution File, Format Version 12.00
# Visual Studio Version 16
VisualStudioVersion = 16.0.32802.440
MinimumVisualStudioVersion = 10.0.40219.1
Project("{FAE04EC0-301F-11D3-BF4B-00C04F79EFBC}") = "RockPaperScissors", "RockPaperScissors\RockPaperScissors.csproj", "{928C6C3E-E46D-4B0B-B593-EE11579AFD04}"
EndProject
Global
	GlobalSection(SolutionConfigurationPlatforms) = preSolution
		Debug|Any CPU = Debug|Any CPU
		Release|Any CPU = Release|Any CPU
	EndGlobalSection
	GlobalSection(ProjectConfigurationPlatforms) = postSolution
		{928C6C3E-E46D-4B0B-B593-EE11579AFD04}.Debug|Any CPU.ActiveCfg = Debug|Any CPU
		{928C6C3E-E46D-4B0B-B593-EE11579AFD04}.Debug|Any CPU.Build.0 = Debug|Any CPU
		{928C6C3E-E46D-4B0B-B593-EE11579AFD04}.Release|Any CPU.ActiveCfg = Release|Any CPU
		{928C6C3E-E46D-4B0B-B593-EE11579AFD04}.Release|Any CPU.Build.0 = Release|Any CPU
	EndGlobalSection
	GlobalSection(SolutionProperties) = preSolution
		HideSolutionNode = FALSE
	EndGlobalSection
	GlobalSection(ExtensibilityGlobals) = postSolution
		SolutionGuid = {CCD7BCFF-1A02-46F2-A3A6-963C87AF1DC5}
	EndGlobalSection
EndGlobal
